
Microsoft Visual Studio Solution File, Format Version 12.00
# Visual Studio Version 17
VisualStudioVersion = 17.8.34330.188
MinimumVisualStudioVersion = 10.0.40219.1
Project("{FAE04EC0-301F-11D3-BF4B-00C04F79EFBC}") = "GDIDrawerPractice1", "GDIDrawerPractice1\GDIDrawerPractice1.csproj", "{759F4344-F154-49FE-9ABB-EEFAA505328E}"
EndProject
Global
	GlobalSection(SolutionConfigurationPlatforms) = preSolution
		Debug|Any CPU = Debug|Any CPU
		Release|Any CPU = Release|Any CPU
	EndGlobalSection
	GlobalSection(ProjectConfigurationPlatforms) = postSolution
		{759F4344-F154-49FE-9ABB-EEFAA505328E}.Debug|Any CPU.ActiveCfg = Debug|Any CPU
		{759F4344-F154-49FE-9ABB-EEFAA505328E}.Debug|Any CPU.Build.0 = Debug|Any CPU
		{759F4344-F154-49FE-9ABB-EEFAA505328E}.Release|Any CPU.ActiveCfg = Release|Any CPU
		{759F4344-F154-49FE-9ABB-EEFAA505328E}.Release|Any CPU.Build.0 = Release|Any CPU
	EndGlobalSection
	GlobalSection(SolutionProperties) = preSolution
		HideSolutionNode = FALSE
	EndGlobalSection
	GlobalSection(ExtensibilityGlobals) = postSolution
		SolutionGuid = {CE32B784-84CF-488D-9DC5-55B20242CAE8}
	EndGlobalSection
EndGlobal
