
Microsoft Visual Studio Solution File, Format Version 12.00
# Visual Studio Version 17
VisualStudioVersion = 17.6.33829.357
MinimumVisualStudioVersion = 10.0.40219.1
Project("{FAE04EC0-301F-11D3-BF4B-00C04F79EFBC}") = "DemoWhile", "DemoWhile\DemoWhile.csproj", "{798459D4-E5C3-4154-9646-86B8AA9FEF33}"
EndProject
Global
	GlobalSection(SolutionConfigurationPlatforms) = preSolution
		Debug|Any CPU = Debug|Any CPU
		Release|Any CPU = Release|Any CPU
	EndGlobalSection
	GlobalSection(ProjectConfigurationPlatforms) = postSolution
		{798459D4-E5C3-4154-9646-86B8AA9FEF33}.Debug|Any CPU.ActiveCfg = Debug|Any CPU
		{798459D4-E5C3-4154-9646-86B8AA9FEF33}.Debug|Any CPU.Build.0 = Debug|Any CPU
		{798459D4-E5C3-4154-9646-86B8AA9FEF33}.Release|Any CPU.ActiveCfg = Release|Any CPU
		{798459D4-E5C3-4154-9646-86B8AA9FEF33}.Release|Any CPU.Build.0 = Release|Any CPU
	EndGlobalSection
	GlobalSection(SolutionProperties) = preSolution
		HideSolutionNode = FALSE
	EndGlobalSection
	GlobalSection(ExtensibilityGlobals) = postSolution
		SolutionGuid = {9D65E01E-FDC6-42E8-8F0F-19B68D6C9BFF}
	EndGlobalSection
EndGlobal
