
Microsoft Visual Studio Solution File, Format Version 12.00
# Visual Studio Version 17
VisualStudioVersion = 17.6.33829.357
MinimumVisualStudioVersion = 10.0.40219.1
Project("{FAE04EC0-301F-11D3-BF4B-00C04F79EFBC}") = "Demo03", "Demo03\Demo03.csproj", "{80DB122F-AECC-4CDB-9B66-9211A4B18450}"
EndProject
Global
	GlobalSection(SolutionConfigurationPlatforms) = preSolution
		Debug|Any CPU = Debug|Any CPU
		Release|Any CPU = Release|Any CPU
	EndGlobalSection
	GlobalSection(ProjectConfigurationPlatforms) = postSolution
		{80DB122F-AECC-4CDB-9B66-9211A4B18450}.Debug|Any CPU.ActiveCfg = Debug|Any CPU
		{80DB122F-AECC-4CDB-9B66-9211A4B18450}.Debug|Any CPU.Build.0 = Debug|Any CPU
		{80DB122F-AECC-4CDB-9B66-9211A4B18450}.Release|Any CPU.ActiveCfg = Release|Any CPU
		{80DB122F-AECC-4CDB-9B66-9211A4B18450}.Release|Any CPU.Build.0 = Release|Any CPU
	EndGlobalSection
	GlobalSection(SolutionProperties) = preSolution
		HideSolutionNode = FALSE
	EndGlobalSection
	GlobalSection(ExtensibilityGlobals) = postSolution
		SolutionGuid = {16D28B5F-4019-4A20-8B02-87E456357EE9}
	EndGlobalSection
EndGlobal
