
Microsoft Visual Studio Solution File, Format Version 12.00
# Visual Studio Version 17
VisualStudioVersion = 17.6.33829.357
MinimumVisualStudioVersion = 10.0.40219.1
Project("{FAE04EC0-301F-11D3-BF4B-00C04F79EFBC}") = "GDI2Demo2", "GDI2Demo2\GDI2Demo2.csproj", "{92422A56-EFAF-4277-A24E-BD946EE0B5A3}"
EndProject
Global
	GlobalSection(SolutionConfigurationPlatforms) = preSolution
		Debug|Any CPU = Debug|Any CPU
		Release|Any CPU = Release|Any CPU
	EndGlobalSection
	GlobalSection(ProjectConfigurationPlatforms) = postSolution
		{92422A56-EFAF-4277-A24E-BD946EE0B5A3}.Debug|Any CPU.ActiveCfg = Debug|Any CPU
		{92422A56-EFAF-4277-A24E-BD946EE0B5A3}.Debug|Any CPU.Build.0 = Debug|Any CPU
		{92422A56-EFAF-4277-A24E-BD946EE0B5A3}.Release|Any CPU.ActiveCfg = Release|Any CPU
		{92422A56-EFAF-4277-A24E-BD946EE0B5A3}.Release|Any CPU.Build.0 = Release|Any CPU
	EndGlobalSection
	GlobalSection(SolutionProperties) = preSolution
		HideSolutionNode = FALSE
	EndGlobalSection
	GlobalSection(ExtensibilityGlobals) = postSolution
		SolutionGuid = {9A6BC396-797F-4AB3-9B82-81CA5CBA2F42}
	EndGlobalSection
EndGlobal
