
Microsoft Visual Studio Solution File, Format Version 12.00
# Visual Studio Version 17
VisualStudioVersion = 17.6.33829.357
MinimumVisualStudioVersion = 10.0.40219.1
Project("{FAE04EC0-301F-11D3-BF4B-00C04F79EFBC}") = "Demo02A", "Demo02A\Demo02A.csproj", "{EFD40747-A1EF-4B35-85E4-3B64C6936D86}"
EndProject
Global
	GlobalSection(SolutionConfigurationPlatforms) = preSolution
		Debug|Any CPU = Debug|Any CPU
		Release|Any CPU = Release|Any CPU
	EndGlobalSection
	GlobalSection(ProjectConfigurationPlatforms) = postSolution
		{EFD40747-A1EF-4B35-85E4-3B64C6936D86}.Debug|Any CPU.ActiveCfg = Debug|Any CPU
		{EFD40747-A1EF-4B35-85E4-3B64C6936D86}.Debug|Any CPU.Build.0 = Debug|Any CPU
		{EFD40747-A1EF-4B35-85E4-3B64C6936D86}.Release|Any CPU.ActiveCfg = Release|Any CPU
		{EFD40747-A1EF-4B35-85E4-3B64C6936D86}.Release|Any CPU.Build.0 = Release|Any CPU
	EndGlobalSection
	GlobalSection(SolutionProperties) = preSolution
		HideSolutionNode = FALSE
	EndGlobalSection
	GlobalSection(ExtensibilityGlobals) = postSolution
		SolutionGuid = {48BB7323-1DA5-4E63-A60A-DB5E66398EE1}
	EndGlobalSection
EndGlobal
